
Microsoft Visual Studio Solution File, Format Version 12.00
# Visual Studio Version 16
VisualStudioVersion = 25.0.1703.3
MinimumVisualStudioVersion = 10.0.40219.1
Project("{FAE04EC0-301F-11D3-BF4B-00C04F79EFBC}") = "Publisher", "Publisher.csproj", "{67B288FD-8B31-45D4-B6D6-9A1FF6CFFD80}"
EndProject
Global
	GlobalSection(SolutionConfigurationPlatforms) = preSolution
		Debug|Any CPU = Debug|Any CPU
		Release|Any CPU = Release|Any CPU
	EndGlobalSection
	GlobalSection(ProjectConfigurationPlatforms) = postSolution
		{67B288FD-8B31-45D4-B6D6-9A1FF6CFFD80}.Debug|Any CPU.ActiveCfg = Debug|Any CPU
		{67B288FD-8B31-45D4-B6D6-9A1FF6CFFD80}.Debug|Any CPU.Build.0 = Debug|Any CPU
		{67B288FD-8B31-45D4-B6D6-9A1FF6CFFD80}.Release|Any CPU.ActiveCfg = Release|Any CPU
		{67B288FD-8B31-45D4-B6D6-9A1FF6CFFD80}.Release|Any CPU.Build.0 = Release|Any CPU
	EndGlobalSection
	GlobalSection(SolutionProperties) = preSolution
		HideSolutionNode = FALSE
	EndGlobalSection
	GlobalSection(ExtensibilityGlobals) = postSolution
		SolutionGuid = {322BFC78-748A-44D1-8291-FDE6AEF93593}
	EndGlobalSection
EndGlobal
